
Microsoft Visual Studio Solution File, Format Version 12.00
# Visual Studio Version 16
VisualStudioVersion = 16.0.33801.447
MinimumVisualStudioVersion = 10.0.40219.1
Project("{9A19103F-16F7-4668-BE54-9A1E7A4F7556}") = "Test01Feature530", "Test01\Test01Feature530.csproj", "{539062F3-0E19-42D3-AAF0-45EECB2A1F05}"
EndProject
Project("{9A19103F-16F7-4668-BE54-9A1E7A4F7556}") = "Test02Feature531", "Test02\Test02Feature531.csproj", "{D0C98252-62F5-4400-BC26-B368F6233A68}"
EndProject
Project("{9A19103F-16F7-4668-BE54-9A1E7A4F7556}") = "Test03", "Test03\Test03.csproj", "{7ED22C75-0CF5-4B02-B34D-86A0B8117F92}"
EndProject
Project("{9A19103F-16F7-4668-BE54-9A1E7A4F7556}") = "Test04Strings", "Test04\Test04Strings.csproj", "{5CBBCFE9-069D-4124-8E0E-401F0576A557}"
EndProject
Project("{9A19103F-16F7-4668-BE54-9A1E7A4F7556}") = "Test05DateTimes", "Test05\Test05DateTimes.csproj", "{EC658588-5DAE-4219-8063-F1C0C0EFC622}"
EndProject
Project("{9A19103F-16F7-4668-BE54-9A1E7A4F7556}") = "Test06", "Test06\Test06.csproj", "{9C9A9EF2-D487-4D5B-8F84-F0AD1F90B56F}"
EndProject
Project("{9A19103F-16F7-4668-BE54-9A1E7A4F7556}") = "Test07", "Test07\Test07.csproj", "{79CB4258-5E79-4EF9-9B1B-08C366F952DF}"
EndProject
Global
	GlobalSection(SolutionConfigurationPlatforms) = preSolution
		Debug|Any CPU = Debug|Any CPU
		Release|Any CPU = Release|Any CPU
	EndGlobalSection
	GlobalSection(ProjectConfigurationPlatforms) = postSolution
		{539062F3-0E19-42D3-AAF0-45EECB2A1F05}.Debug|Any CPU.ActiveCfg = Debug|Any CPU
		{539062F3-0E19-42D3-AAF0-45EECB2A1F05}.Debug|Any CPU.Build.0 = Debug|Any CPU
		{539062F3-0E19-42D3-AAF0-45EECB2A1F05}.Release|Any CPU.ActiveCfg = Release|Any CPU
		{539062F3-0E19-42D3-AAF0-45EECB2A1F05}.Release|Any CPU.Build.0 = Release|Any CPU
		{D0C98252-62F5-4400-BC26-B368F6233A68}.Debug|Any CPU.ActiveCfg = Debug|Any CPU
		{D0C98252-62F5-4400-BC26-B368F6233A68}.Debug|Any CPU.Build.0 = Debug|Any CPU
		{D0C98252-62F5-4400-BC26-B368F6233A68}.Release|Any CPU.ActiveCfg = Release|Any CPU
		{D0C98252-62F5-4400-BC26-B368F6233A68}.Release|Any CPU.Build.0 = Release|Any CPU
		{7ED22C75-0CF5-4B02-B34D-86A0B8117F92}.Debug|Any CPU.ActiveCfg = Debug|Any CPU
		{7ED22C75-0CF5-4B02-B34D-86A0B8117F92}.Debug|Any CPU.Build.0 = Debug|Any CPU
		{7ED22C75-0CF5-4B02-B34D-86A0B8117F92}.Release|Any CPU.ActiveCfg = Release|Any CPU
		{7ED22C75-0CF5-4B02-B34D-86A0B8117F92}.Release|Any CPU.Build.0 = Release|Any CPU
		{5CBBCFE9-069D-4124-8E0E-401F0576A557}.Debug|Any CPU.ActiveCfg = Debug|Any CPU
		{5CBBCFE9-069D-4124-8E0E-401F0576A557}.Debug|Any CPU.Build.0 = Debug|Any CPU
		{5CBBCFE9-069D-4124-8E0E-401F0576A557}.Release|Any CPU.ActiveCfg = Release|Any CPU
		{5CBBCFE9-069D-4124-8E0E-401F0576A557}.Release|Any CPU.Build.0 = Release|Any CPU
		{EC658588-5DAE-4219-8063-F1C0C0EFC622}.Debug|Any CPU.ActiveCfg = Debug|Any CPU
		{EC658588-5DAE-4219-8063-F1C0C0EFC622}.Debug|Any CPU.Build.0 = Debug|Any CPU
		{EC658588-5DAE-4219-8063-F1C0C0EFC622}.Release|Any CPU.ActiveCfg = Release|Any CPU
		{EC658588-5DAE-4219-8063-F1C0C0EFC622}.Release|Any CPU.Build.0 = Release|Any CPU
		{9C9A9EF2-D487-4D5B-8F84-F0AD1F90B56F}.Debug|Any CPU.ActiveCfg = Debug|Any CPU
		{9C9A9EF2-D487-4D5B-8F84-F0AD1F90B56F}.Debug|Any CPU.Build.0 = Debug|Any CPU
		{9C9A9EF2-D487-4D5B-8F84-F0AD1F90B56F}.Release|Any CPU.ActiveCfg = Release|Any CPU
		{9C9A9EF2-D487-4D5B-8F84-F0AD1F90B56F}.Release|Any CPU.Build.0 = Release|Any CPU
		{79CB4258-5E79-4EF9-9B1B-08C366F952DF}.Debug|Any CPU.ActiveCfg = Debug|Any CPU
		{79CB4258-5E79-4EF9-9B1B-08C366F952DF}.Debug|Any CPU.Build.0 = Debug|Any CPU
		{79CB4258-5E79-4EF9-9B1B-08C366F952DF}.Release|Any CPU.ActiveCfg = Release|Any CPU
		{79CB4258-5E79-4EF9-9B1B-08C366F952DF}.Release|Any CPU.Build.0 = Release|Any CPU
	EndGlobalSection
	GlobalSection(SolutionProperties) = preSolution
		HideSolutionNode = FALSE
	EndGlobalSection
	GlobalSection(ExtensibilityGlobals) = postSolution
		SolutionGuid = {677B17FE-2E3E-426E-B04B-B8814E983AF6}
	EndGlobalSection
EndGlobal
